
Microsoft Visual Studio Solution File, Format Version 12.00
# Visual Studio 15
VisualStudioVersion = 15.0.26430.6
MinimumVisualStudioVersion = 10.0.40219.1
Project("{00D1A9C2-B5F0-4AF3-8072-F6C62B433612}") = "CLRTrigger", "CLRTrigger\CLRTrigger.sqlproj", "{822D5A0C-7A22-4676-9918-DCBD151576D3}"
EndProject
Global
	GlobalSection(SolutionConfigurationPlatforms) = preSolution
		Debug|Any CPU = Debug|Any CPU
		Release|Any CPU = Release|Any CPU
	EndGlobalSectionq2
	GlobalSection(ProjectConfigurationPlatforms) = postSolution
		{822D5A0C-7A22-4676-9918-DCBD151576D3}.Debug|Any CPU.ActiveCfg = Debug|Any CPU
		{822D5A0C-7A22-4676-9918-DCBD151576D3}.Debug|Any CPU.Build.0 = Debug|Any CPU
		{822D5A0C-7A22-4676-9918-DCBD151576D3}.Debug|Any CPU.Deploy.0 = Debug|Any CPU
		{822D5A0C-7A22-4676-9918-DCBD151576D3}.Release|Any CPU.ActiveCfg = Release|Any CPU
		{822D5A0C-7A22-4676-9918-DCBD151576D3}.Release|Any CPU.Build.0 = Release|Any CPU
		{822D5A0C-7A22-4676-9918-DCBD151576D3}.Release|Any CPU.Deploy.0 = Release|Any CPU
	EndGlobalSection
	GlobalSection(SolutionProperties) = preSolution
		HideSolutionNode = FALSE
	EndGlobalSection
EndGlobal
